// !$*UTF8*$!
{
	archiveVersion = 1;
	classes = {
	};
	objectVersion = 50;
	objects = {

/* Begin PBXBuildFile section */
		F409C668251E7E4900C16723 /* model.swift in Sources */ = {isa = PBXBuildFile; fileRef = F409C667251E7E4900C16723 /* model.swift */; };
		F454E59E2509899500FFB3A5 /* CustomAlert.swift in Sources */ = {isa = PBXBuildFile; fileRef = F454E59D2509899500FFB3A5 /* CustomAlert.swift */; };
		F4727F5024D2643400E5880E /* SecondMapViewController.swift in Sources */ = {isa = PBXBuildFile; fileRef = F4727F4F24D2643400E5880E /* SecondMapViewController.swift */; };
		F48004B624D20FF200809E52 /* AppDelegate.swift in Sources */ = {isa = PBXBuildFile; fileRef = F48004B524D20FF200809E52 /* AppDelegate.swift */; };
		F48004BB24D20FF200809E52 /* Main.storyboard in Resources */ = {isa = PBXBuildFile; fileRef = F48004B924D20FF200809E52 /* Main.storyboard */; };
		F48004BD24D20FF300809E52 /* Assets.xcassets in Resources */ = {isa = PBXBuildFile; fileRef = F48004BC24D20FF300809E52 /* Assets.xcassets */; };
		F48004C024D20FF300809E52 /* LaunchScreen.storyboard in Resources */ = {isa = PBXBuildFile; fileRef = F48004BE24D20FF300809E52 /* LaunchScreen.storyboard */; };
		F4E8391B2537A68A00991391 /* SpotViewController.swift in Sources */ = {isa = PBXBuildFile; fileRef = F4E8391A2537A68A00991391 /* SpotViewController.swift */; };
		F4EED801254234DF00E5212E /* SpotCellCollectionViewCell.swift in Sources */ = {isa = PBXBuildFile; fileRef = F4EED800254234DF00E5212E /* SpotCellCollectionViewCell.swift */; };
		F4FEF00C2530C0B2001F0158 /* LaunchScreenController.swift in Sources */ = {isa = PBXBuildFile; fileRef = F4FEF00B2530C0B2001F0158 /* LaunchScreenController.swift */; };
/* End PBXBuildFile section */

/* Begin PBXFileReference section */
		F409C667251E7E4900C16723 /* model.swift */ = {isa = PBXFileReference; lastKnownFileType = sourcecode.swift; path = model.swift; sourceTree = "<group>"; };
		F454E59D2509899500FFB3A5 /* CustomAlert.swift */ = {isa = PBXFileReference; lastKnownFileType = sourcecode.swift; path = CustomAlert.swift; sourceTree = "<group>"; };
		F4727F4F24D2643400E5880E /* SecondMapViewController.swift */ = {isa = PBXFileReference; lastKnownFileType = sourcecode.swift; path = SecondMapViewController.swift; sourceTree = "<group>"; };
		F48004B224D20FF200809E52 /* Map.app */ = {isa = PBXFileReference; explicitFileType = wrapper.application; includeInIndex = 0; path = Map.app; sourceTree = BUILT_PRODUCTS_DIR; };
		F48004B524D20FF200809E52 /* AppDelegate.swift */ = {isa = PBXFileReference; lastKnownFileType = sourcecode.swift; path = AppDelegate.swift; sourceTree = "<group>"; };
		F48004BA24D20FF200809E52 /* Base */ = {isa = PBXFileReference; lastKnownFileType = file.storyboard; name = Base; path = Base.lproj/Main.storyboard; sourceTree = "<group>"; };
		F48004BC24D20FF300809E52 /* Assets.xcassets */ = {isa = PBXFileReference; lastKnownFileType = folder.assetcatalog; path = Assets.xcassets; sourceTree = "<group>"; };
		F48004BF24D20FF300809E52 /* Base */ = {isa = PBXFileReference; lastKnownFileType = file.storyboard; name = Base; path = Base.lproj/LaunchScreen.storyboard; sourceTree = "<group>"; };
		F48004C124D20FF300809E52 /* Info.plist */ = {isa = PBXFileReference; lastKnownFileType = text.plist.xml; path = Info.plist; sourceTree = "<group>"; };
		F4E8391A2537A68A00991391 /* SpotViewController.swift */ = {isa = PBXFileReference; lastKnownFileType = sourcecode.swift; path = SpotViewController.swift; sourceTree = "<group>"; };
		F4EED800254234DF00E5212E /* SpotCellCollectionViewCell.swift */ = {isa = PBXFileReference; lastKnownFileType = sourcecode.swift; path = SpotCellCollectionViewCell.swift; sourceTree = "<group>"; };
		F4FEF00B2530C0B2001F0158 /* LaunchScreenController.swift */ = {isa = PBXFileReference; lastKnownFileType = sourcecode.swift; path = LaunchScreenController.swift; sourceTree = "<group>"; };
/* End PBXFileReference section */

/* Begin PBXFrameworksBuildPhase section */
		F48004AF24D20FF200809E52 /* Frameworks */ = {
			isa = PBXFrameworksBuildPhase;
			buildActionMask = 2147483647;
			files = (
			);
			runOnlyForDeploymentPostprocessing = 0;
		};
/* End PBXFrameworksBuildPhase section */

/* Begin PBXGroup section */
		F48004A924D20FF200809E52 = {
			isa = PBXGroup;
			children = (
				F48004B424D20FF200809E52 /* Map */,
				F48004B324D20FF200809E52 /* Products */,
			);
			sourceTree = "<group>";
		};
		F48004B324D20FF200809E52 /* Products */ = {
			isa = PBXGroup;
			children = (
				F48004B224D20FF200809E52 /* Map.app */,
			);
			name = Products;
			sourceTree = "<group>";
		};
		F48004B424D20FF200809E52 /* Map */ = {
			isa = PBXGroup;
			children = (
				F48004B524D20FF200809E52 /* AppDelegate.swift */,
				F4FEF00B2530C0B2001F0158 /* LaunchScreenController.swift */,
				F4727F4F24D2643400E5880E /* SecondMapViewController.swift */,
				F4E8391A2537A68A00991391 /* SpotViewController.swift */,
				F4EED800254234DF00E5212E /* SpotCellCollectionViewCell.swift */,
				F454E59D2509899500FFB3A5 /* CustomAlert.swift */,
				F409C667251E7E4900C16723 /* model.swift */,
				F48004B924D20FF200809E52 /* Main.storyboard */,
				F48004BC24D20FF300809E52 /* Assets.xcassets */,
				F48004BE24D20FF300809E52 /* LaunchScreen.storyboard */,
				F48004C124D20FF300809E52 /* Info.plist */,
			);
			path = Map;
			sourceTree = "<group>";
		};
/* End PBXGroup section */

/* Begin PBXNativeTarget section */
		F48004B124D20FF200809E52 /* Map */ = {
			isa = PBXNativeTarget;
			buildConfigurationList = F48004C424D20FF300809E52 /* Build configuration list for PBXNativeTarget "Map" */;
			buildPhases = (
				F48004AE24D20FF200809E52 /* Sources */,
				F48004AF24D20FF200809E52 /* Frameworks */,
				F48004B024D20FF200809E52 /* Resources */,
			);
			buildRules = (
			);
			dependencies = (
			);
			name = Map;
			productName = Map;
			productReference = F48004B224D20FF200809E52 /* Map.app */;
			productType = "com.apple.product-type.application";
		};
/* End PBXNativeTarget section */

/* Begin PBXProject section */
		F48004AA24D20FF200809E52 /* Project object */ = {
			isa = PBXProject;
			attributes = {
				LastSwiftUpdateCheck = 1010;
				LastUpgradeCheck = 1010;
				ORGANIZATIONNAME = "Alexander Romanenko";
				TargetAttributes = {
					F48004B124D20FF200809E52 = {
						CreatedOnToolsVersion = 10.1;
					};
				};
			};
			buildConfigurationList = F48004AD24D20FF200809E52 /* Build configuration list for PBXProject "Map" */;
			compatibilityVersion = "Xcode 9.3";
			developmentRegion = en;
			hasScannedForEncodings = 0;
			knownRegions = (
				en,
				Base,
			);
			mainGroup = F48004A924D20FF200809E52;
			productRefGroup = F48004B324D20FF200809E52 /* Products */;
			projectDirPath = "";
			projectRoot = "";
			targets = (
				F48004B124D20FF200809E52 /* Map */,
			);
		};
/* End PBXProject section */

/* Begin PBXResourcesBuildPhase section */
		F48004B024D20FF200809E52 /* Resources */ = {
			isa = PBXResourcesBuildPhase;
			buildActionMask = 2147483647;
			files = (
				F48004C024D20FF300809E52 /* LaunchScreen.storyboard in Resources */,
				F48004BD24D20FF300809E52 /* Assets.xcassets in Resources */,
				F48004BB24D20FF200809E52 /* Main.storyboard in Resources */,
			);
			runOnlyForDeploymentPostprocessing = 0;
		};
/* End PBXResourcesBuildPhase section */

/* Begin PBXSourcesBuildPhase section */
		F48004AE24D20FF200809E52 /* Sources */ = {
			isa = PBXSourcesBuildPhase;
			buildActionMask = 2147483647;
			files = (
				F409C668251E7E4900C16723 /* model.swift in Sources */,
				F4727F5024D2643400E5880E /* SecondMapViewController.swift in Sources */,
				F4FEF00C2530C0B2001F0158 /* LaunchScreenController.swift in Sources */,
				F4EED801254234DF00E5212E /* SpotCellCollectionViewCell.swift in Sources */,
				F48004B624D20FF200809E52 /* AppDelegate.swift in Sources */,
				F4E8391B2537A68A00991391 /* SpotViewController.swift in Sources */,
				F454E59E2509899500FFB3A5 /* CustomAlert.swift in Sources */,
			);
			runOnlyForDeploymentPostprocessing = 0;
		};
/* End PBXSourcesBuildPhase section */

/* Begin PBXVariantGroup section */
		F48004B924D20FF200809E52 /* Main.storyboard */ = {
			isa = PBXVariantGroup;
			children = (
				F48004BA24D20FF200809E52 /* Base */,
			);
			name = Main.storyboard;
			sourceTree = "<group>";
		};
		F48004BE24D20FF300809E52 /* LaunchScreen.storyboard */ = {
			isa = PBXVariantGroup;
			children = (
				F48004BF24D20FF300809E52 /* Base */,
			);
			name = LaunchScreen.storyboard;
			sourceTree = "<group>";
		};
/* End PBXVariantGroup section */

/* Begin XCBuildConfiguration section */
		F48004C224D20FF300809E52 /* Debug */ = {
			isa = XCBuildConfiguration;
			buildSettings = {
				ALWAYS_SEARCH_USER_PATHS = NO;
				CLANG_ANALYZER_NONNULL = YES;
				CLANG_ANALYZER_NUMBER_OBJECT_CONVERSION = YES_AGGRESSIVE;
				CLANG_CXX_LANGUAGE_STANDARD = "gnu++14";
				CLANG_CXX_LIBRARY = "libc++";
				CLANG_ENABLE_MODULES = YES;
				CLANG_ENABLE_OBJC_ARC = YES;
				CLANG_ENABLE_OBJC_WEAK = YES;
				CLANG_WARN_BLOCK_CAPTURE_AUTORELEASING = YES;
				CLANG_WARN_BOOL_CONVERSION = YES;
				CLANG_WARN_COMMA = YES;
				CLANG_WARN_CONSTANT_CONVERSION = YES;
				CLANG_WARN_DEPRECATED_OBJC_IMPLEMENTATIONS = YES;
				CLANG_WARN_DIRECT_OBJC_ISA_USAGE = YES_ERROR;
				CLANG_WARN_DOCUMENTATION_COMMENTS = YES;
				CLANG_WARN_EMPTY_BODY = YES;
				CLANG_WARN_ENUM_CONVERSION = YES;
				CLANG_WARN_INFINITE_RECURSION = YES;
				CLANG_WARN_INT_CONVERSION = YES;
				CLANG_WARN_NON_LITERAL_NULL_CONVERSION = YES;
				CLANG_WARN_OBJC_IMPLICIT_RETAIN_SELF = YES;
				CLANG_WARN_OBJC_LITERAL_CONVERSION = YES;
				CLANG_WARN_OBJC_ROOT_CLASS = YES_ERROR;
				CLANG_WARN_RANGE_LOOP_ANALYSIS = YES;
				CLANG_WARN_STRICT_PROTOTYPES = YES;
				CLANG_WARN_SUSPICIOUS_MOVE = YES;
				CLANG_WARN_UNGUARDED_AVAILABILITY = YES_AGGRESSIVE;
				CLANG_WARN_UNREACHABLE_CODE = YES;
				CLANG_WARN__DUPLICATE_METHOD_MATCH = YES;
				CODE_SIGN_IDENTITY = "iPhone Developer";
				COPY_PHASE_STRIP = NO;
				DEBUG_INFORMATION_FORMAT = dwarf;
				ENABLE_STRICT_OBJC_MSGSEND = YES;
				ENABLE_TESTABILITY = YES;
				GCC_C_LANGUAGE_STANDARD = gnu11;
				GCC_DYNAMIC_NO_PIC = NO;
				GCC_NO_COMMON_BLOCKS = YES;
				GCC_OPTIMIZATION_LEVEL = 0;
				GCC_PREPROCESSOR_DEFINITIONS = (
					"DEBUG=1",
					"$(inherited)",
				);
				GCC_WARN_64_TO_32_BIT_CONVERSION = YES;
				GCC_WARN_ABOUT_RETURN_TYPE = YES_ERROR;
				GCC_WARN_UNDECLARED_SELECTOR = YES;
				GCC_WARN_UNINITIALIZED_AUTOS = YES_AGGRESSIVE;
				GCC_WARN_UNUSED_FUNCTION = YES;
				GCC_WARN_UNUSED_VARIABLE = YES;
				IPHONEOS_DEPLOYMENT_TARGET = 12.1;
				MTL_ENABLE_DEBUG_INFO = INCLUDE_SOURCE;
				MTL_FAST_MATH = YES;
				ONLY_ACTIVE_ARCH = YES;
				SDKROOT = iphoneos;
				SWIFT_ACTIVE_COMPILATION_CONDITIONS = DEBUG;
				SWIFT_OPTIMIZATION_LEVEL = "-Onone";
			};
			name = Debug;
		};
		F48004C324D20FF300809E52 /* Release */ = {
			isa = XCBuildConfiguration;
			buildSettings = {
				ALWAYS_SEARCH_USER_PATHS = NO;
				CLANG_ANALYZER_NONNULL = YES;
				CLANG_ANALYZER_NUMBER_OBJECT_CONVERSION = YES_AGGRESSIVE;
				CLANG_CXX_LANGUAGE_STANDARD = "gnu++14";
				CLANG_CXX_LIBRARY = "libc++";
				CLANG_ENABLE_MODULES = YES;
				CLANG_ENABLE_OBJC_ARC = YES;
				CLANG_ENABLE_OBJC_WEAK = YES;
				CLANG_WARN_BLOCK_CAPTURE_AUTORELEASING = YES;
				CLANG_WARN_BOOL_CONVERSION = YES;
				CLANG_WARN_COMMA = YES;
				CLANG_WARN_CONSTANT_CONVERSION = YES;
				CLANG_WARN_DEPRECATED_OBJC_IMPLEMENTATIONS = YES;
				CLANG_WARN_DIRECT_OBJC_ISA_USAGE = YES_ERROR;
				CLANG_WARN_DOCUMENTATION_COMMENTS = YES;
				CLANG_WARN_EMPTY_BODY = YES;
				CLANG_WARN_ENUM_CONVERSION = YES;
				CLANG_WARN_INFINITE_RECURSION = YES;
				CLANG_WARN_INT_CONVERSION = YES;
				CLANG_WARN_NON_LITERAL_NULL_CONVERSION = YES;
				CLANG_WARN_OBJC_IMPLICIT_RETAIN_SELF = YES;
				CLANG_WARN_OBJC_LITERAL_CONVERSION = YES;
				CLANG_WARN_OBJC_ROOT_CLASS = YES_ERROR;
				CLANG_WARN_RANGE_LOOP_ANALYSIS = YES;
				CLANG_WARN_STRICT_PROTOTYPES = YES;
				CLANG_WARN_SUSPICIOUS_MOVE = YES;
				CLANG_WARN_UNGUARDED_AVAILABILITY = YES_AGGRESSIVE;
				CLANG_WARN_UNREACHABLE_CODE = YES;
				CLANG_WARN__DUPLICATE_METHOD_MATCH = YES;
				CODE_SIGN_IDENTITY = "iPhone Developer";
				COPY_PHASE_STRIP = NO;
				DEBUG_INFORMATION_FORMAT = "dwarf-with-dsym";
				ENABLE_NS_ASSERTIONS = NO;
				ENABLE_STRICT_OBJC_MSGSEND = YES;
				GCC_C_LANGUAGE_STANDARD = gnu11;
				GCC_NO_COMMON_BLOCKS = YES;
				GCC_WARN_64_TO_32_BIT_CONVERSION = YES;
				GCC_WARN_ABOUT_RETURN_TYPE = YES_ERROR;
				GCC_WARN_UNDECLARED_SELECTOR = YES;
				GCC_WARN_UNINITIALIZED_AUTOS = YES_AGGRESSIVE;
				GCC_WARN_UNUSED_FUNCTION = YES;
				GCC_WARN_UNUSED_VARIABLE = YES;
				IPHONEOS_DEPLOYMENT_TARGET = 12.1;
				MTL_ENABLE_DEBUG_INFO = NO;
				MTL_FAST_MATH = YES;
				SDKROOT = iphoneos;
				SWIFT_COMPILATION_MODE = wholemodule;
				SWIFT_OPTIMIZATION_LEVEL = "-O";
				VALIDATE_PRODUCT = YES;
			};
			name = Release;
		};
		F48004C524D20FF300809E52 /* Debug */ = {
			isa = XCBuildConfiguration;
			buildSettings = {
				ASSETCATALOG_COMPILER_APPICON_NAME = AppIcon;
				CODE_SIGN_STYLE = Automatic;
				DEVELOPMENT_TEAM = 8YA5L65S6V;
				INFOPLIST_FILE = Map/Info.plist;
				IPHONEOS_DEPLOYMENT_TARGET = 12.1;
				LD_RUNPATH_SEARCH_PATHS = (
					"$(inherited)",
					"@executable_path/Frameworks",
				);
				PRODUCT_BUNDLE_IDENTIFIER = mawenlong.Map;
				PRODUCT_NAME = "$(TARGET_NAME)";
				SWIFT_VERSION = 4.2;
				TARGETED_DEVICE_FAMILY = "1,2";
			};
			name = Debug;
		};
		F48004C624D20FF300809E52 /* Release */ = {
			isa = XCBuildConfiguration;
			buildSettings = {
				ASSETCATALOG_COMPILER_APPICON_NAME = AppIcon;
				CODE_SIGN_STYLE = Automatic;
				DEVELOPMENT_TEAM = 8YA5L65S6V;
				INFOPLIST_FILE = Map/Info.plist;
				IPHONEOS_DEPLOYMENT_TARGET = 12.1;
				LD_RUNPATH_SEARCH_PATHS = (
					"$(inherited)",
					"@executable_path/Frameworks",
				);
				PRODUCT_BUNDLE_IDENTIFIER = mawenlong.Map;
				PRODUCT_NAME = "$(TARGET_NAME)";
				SWIFT_VERSION = 4.2;
				TARGETED_DEVICE_FAMILY = "1,2";
			};
			name = Release;
		};
/* End XCBuildConfiguration section */

/* Begin XCConfigurationList section */
		F48004AD24D20FF200809E52 /* Build configuration list for PBXProject "Map" */ = {
			isa = XCConfigurationList;
			buildConfigurations = (
				F48004C224D20FF300809E52 /* Debug */,
				F48004C324D20FF300809E52 /* Release */,
			);
			defaultConfigurationIsVisible = 0;
			defaultConfigurationName = Release;
		};
		F48004C424D20FF300809E52 /* Build configuration list for PBXNativeTarget "Map" */ = {
			isa = XCConfigurationList;
			buildConfigurations = (
				F48004C524D20FF300809E52 /* Debug */,
				F48004C624D20FF300809E52 /* Release */,
			);
			defaultConfigurationIsVisible = 0;
			defaultConfigurationName = Release;
		};
/* End XCConfigurationList section */
	};
	rootObject = F48004AA24D20FF200809E52 /* Project object */;
}
